
Microsoft Visual Studio Solution File, Format Version 12.00
# Visual Studio Version 16
VisualStudioVersion = 16.0.32602.291
MinimumVisualStudioVersion = 10.0.40219.1
Project("{8BC9CEB8-8B4A-11D0-8D11-00A0C91BC942}") = "HiSRender", "HiSRender.vcxproj", "{B548F661-AC5F-4BB1-BAA8-07F01729715D}"
EndProject
Global
	GlobalSection(SolutionConfigurationPlatforms) = preSolution
		Debug|x64 = Debug|x64
		Debug|x86 = Debug|x86
		Release|x64 = Release|x64
		Release|x86 = Release|x86
	EndGlobalSection
	GlobalSection(ProjectConfigurationPlatforms) = postSolution
		{B548F661-AC5F-4BB1-BAA8-07F01729715D}.Debug|x64.ActiveCfg = Debug|x64
		{B548F661-AC5F-4BB1-BAA8-07F01729715D}.Debug|x64.Build.0 = Debug|x64
		{B548F661-AC5F-4BB1-BAA8-07F01729715D}.Debug|x86.ActiveCfg = Debug|Win32
		{B548F661-AC5F-4BB1-BAA8-07F01729715D}.Debug|x86.Build.0 = Debug|Win32
		{B548F661-AC5F-4BB1-BAA8-07F01729715D}.Release|x64.ActiveCfg = Release|x64
		{B548F661-AC5F-4BB1-BAA8-07F01729715D}.Release|x64.Build.0 = Release|x64
		{B548F661-AC5F-4BB1-BAA8-07F01729715D}.Release|x86.ActiveCfg = Release|Win32
		{B548F661-AC5F-4BB1-BAA8-07F01729715D}.Release|x86.Build.0 = Release|Win32
	EndGlobalSection
	GlobalSection(SolutionProperties) = preSolution
		HideSolutionNode = FALSE
	EndGlobalSection
	GlobalSection(ExtensibilityGlobals) = postSolution
		SolutionGuid = {81E9217C-426F-4FBC-BCFA-0554B1714062}
	EndGlobalSection
EndGlobal
